
Microsoft Visual Studio Solution File, Format Version 12.00
# Visual Studio 15
VisualStudioVersion = 15.0.28307.271
MinimumVisualStudioVersion = 10.0.40219.1
Project("{9A19103F-16F7-4668-BE54-9A1E7A4F7556}") = "Account", "Account\Account.csproj", "{2365BC98-D040-494D-B806-D781024C5287}"
EndProject
Project("{FAE04EC0-301F-11D3-BF4B-00C04F79EFBC}") = "AccountTest", "AccountTest\AccountTest.csproj", "{085DD21B-E3C9-4193-89E7-90B21E722924}"
EndProject
Global
	GlobalSection(SolutionConfigurationPlatforms) = preSolution
		Debug|Any CPU = Debug|Any CPU
		Release|Any CPU = Release|Any CPU
	EndGlobalSection
	GlobalSection(ProjectConfigurationPlatforms) = postSolution
		{2365BC98-D040-494D-B806-D781024C5287}.Debug|Any CPU.ActiveCfg = Debug|Any CPU
		{2365BC98-D040-494D-B806-D781024C5287}.Debug|Any CPU.Build.0 = Debug|Any CPU
		{2365BC98-D040-494D-B806-D781024C5287}.Release|Any CPU.ActiveCfg = Release|Any CPU
		{2365BC98-D040-494D-B806-D781024C5287}.Release|Any CPU.Build.0 = Release|Any CPU
		{085DD21B-E3C9-4193-89E7-90B21E722924}.Debug|Any CPU.ActiveCfg = Debug|Any CPU
		{085DD21B-E3C9-4193-89E7-90B21E722924}.Debug|Any CPU.Build.0 = Debug|Any CPU
		{085DD21B-E3C9-4193-89E7-90B21E722924}.Release|Any CPU.ActiveCfg = Release|Any CPU
		{085DD21B-E3C9-4193-89E7-90B21E722924}.Release|Any CPU.Build.0 = Release|Any CPU
	EndGlobalSection
	GlobalSection(SolutionProperties) = preSolution
		HideSolutionNode = FALSE
	EndGlobalSection
	GlobalSection(ExtensibilityGlobals) = postSolution
		SolutionGuid = {050840B2-96CA-4AE2-9ADD-1A6E76971E89}
	EndGlobalSection
EndGlobal
